[[package]]
name = "markdown2"
version = "2.4.0"
description = "A fast and complete Python implementation of Markdown"
category = "main"
optional = false
python-versions = ">=3.5, <4"

[[package]]
name = "toml"
version = "0.10.2"
description = "Python Library for Tom's Obvious, Minimal Language"
category = "main"
optional = false
python-versions = ">=2.6, !=3.0.*, !=3.1.*, !=3.2.*"

[[package]]
name = "yacf"
version = "1.0.1"
description = "Yet another configuration framework - Lightweight, easy to use."
category = "main"
optional = false
python-versions = ">=3.8"

[package.dependencies]
toml = "*"

[metadata]
lock-version = "1.1"
python-versions = "^3.9"
content-hash = "a8089e2255299e65585c94efa2e5319cd5822a86f48270f9ed860a70beb140c2"

[metadata.files]
markdown2 = [
    {file = "markdown2-2.4.0-py2.py3-none-any.whl", hash = "sha256:8d4ef4a2d090c99532069c4611a9a2b9bea6ae1fa29b6c3727c95d1e31a8f6c5"},
    {file = "markdown2-2.4.0.tar.gz", hash = "sha256:28d769f0e544e6f68f684f01e9b186747b079a6927d9ca77ebc8c640a2829b1b"},
]
toml = [
    {file = "toml-0.10.2-py2.py3-none-any.whl", hash = "sha256:806143ae5bfb6a3c6e736a764057db0e6a0e05e338b5630894a5f779cabb4f9b"},
    {file = "toml-0.10.2.tar.gz", hash = "sha256:b3bda1d108d5dd99f4a20d24d9c348e91c4db7ab1b749200bded2f839ccbe68f"},
]
yacf = [
    {file = "yacf-1.0.1-py3-none-any.whl", hash = "sha256:850f88e7fc81e766dede5b9925289414b8e429d21901649a161ce34253260278"},
    {file = "yacf-1.0.1.tar.gz", hash = "sha256:334a8e72164fbbfb5a8bde46425e10713351522d94fdf2b2ab9b12ea9face888"},
]
